
Microsoft Visual Studio Solution File, Format Version 12.00
# Visual Studio Version 16
VisualStudioVersion = 16.0.30011.22
MinimumVisualStudioVersion = 10.0.40219.1
Project("{00D1A9C2-B5F0-4AF3-8072-F6C62B433612}") = "SQL Queries", "SQL Queries\SQL Queries.sqlproj", "{AA5EC333-F176-46BE-8C8B-534CBB6C65F5}"
EndProject
Global
	GlobalSection(SolutionConfigurationPlatforms) = preSolution
		Debug|Any CPU = Debug|Any CPU
		Release|Any CPU = Release|Any CPU
	EndGlobalSection
	GlobalSection(ProjectConfigurationPlatforms) = postSolution
		{AA5EC333-F176-46BE-8C8B-534CBB6C65F5}.Debug|Any CPU.ActiveCfg = Debug|Any CPU
		{AA5EC333-F176-46BE-8C8B-534CBB6C65F5}.Debug|Any CPU.Build.0 = Debug|Any CPU
		{AA5EC333-F176-46BE-8C8B-534CBB6C65F5}.Debug|Any CPU.Deploy.0 = Debug|Any CPU
		{AA5EC333-F176-46BE-8C8B-534CBB6C65F5}.Release|Any CPU.ActiveCfg = Release|Any CPU
		{AA5EC333-F176-46BE-8C8B-534CBB6C65F5}.Release|Any CPU.Build.0 = Release|Any CPU
		{AA5EC333-F176-46BE-8C8B-534CBB6C65F5}.Release|Any CPU.Deploy.0 = Release|Any CPU
	EndGlobalSection
	GlobalSection(SolutionProperties) = preSolution
		HideSolutionNode = FALSE
	EndGlobalSection
	GlobalSection(ExtensibilityGlobals) = postSolution
		SolutionGuid = {4CA75536-4B84-46C2-97BA-A629FC667E72}
	EndGlobalSection
EndGlobal
